
Microsoft Visual Studio Solution File, Format Version 12.00
# Visual Studio Version 17
VisualStudioVersion = 17.2.32505.173
MinimumVisualStudioVersion = 10.0.40219.1
Project("{9A19103F-16F7-4668-BE54-9A1E7A4F7556}") = "NoNicotineAPI", "NoNicotineAPI\NoNicotineAPI.csproj", "{5AA7581E-94A2-41F2-9FEF-6DBD8FB0BC12}"
EndProject
Project("{9A19103F-16F7-4668-BE54-9A1E7A4F7556}") = "NoNicotine_Data", "NoNicotine_Data\NoNicotine_Data.csproj", "{73F260DF-59BC-4EE5-82F5-C725F66187C0}"
EndProject
Project("{9A19103F-16F7-4668-BE54-9A1E7A4F7556}") = "NoNicotine_Business", "NoNicotine_Business\NoNicotine_Business.csproj", "{5E1234AE-4126-4FB7-8DAE-F04EE55F976F}"
EndProject
Project("{FAE04EC0-301F-11D3-BF4B-00C04F79EFBC}") = "NoNicotineAPI.UnitTests", "NoNicotineAPI.UnitTests\NoNicotineAPI.UnitTests.csproj", "{5360B231-1C3E-4DE0-BBEF-87D9665BAEAD}"
EndProject
Global
	GlobalSection(SolutionConfigurationPlatforms) = preSolution
		Debug|Any CPU = Debug|Any CPU
		Release|Any CPU = Release|Any CPU
	EndGlobalSection
	GlobalSection(ProjectConfigurationPlatforms) = postSolution
		{5AA7581E-94A2-41F2-9FEF-6DBD8FB0BC12}.Debug|Any CPU.ActiveCfg = Debug|Any CPU
		{5AA7581E-94A2-41F2-9FEF-6DBD8FB0BC12}.Debug|Any CPU.Build.0 = Debug|Any CPU
		{5AA7581E-94A2-41F2-9FEF-6DBD8FB0BC12}.Release|Any CPU.ActiveCfg = Release|Any CPU
		{5AA7581E-94A2-41F2-9FEF-6DBD8FB0BC12}.Release|Any CPU.Build.0 = Release|Any CPU
		{73F260DF-59BC-4EE5-82F5-C725F66187C0}.Debug|Any CPU.ActiveCfg = Debug|Any CPU
		{73F260DF-59BC-4EE5-82F5-C725F66187C0}.Debug|Any CPU.Build.0 = Debug|Any CPU
		{73F260DF-59BC-4EE5-82F5-C725F66187C0}.Release|Any CPU.ActiveCfg = Release|Any CPU
		{73F260DF-59BC-4EE5-82F5-C725F66187C0}.Release|Any CPU.Build.0 = Release|Any CPU
		{5E1234AE-4126-4FB7-8DAE-F04EE55F976F}.Debug|Any CPU.ActiveCfg = Debug|Any CPU
		{5E1234AE-4126-4FB7-8DAE-F04EE55F976F}.Debug|Any CPU.Build.0 = Debug|Any CPU
		{5E1234AE-4126-4FB7-8DAE-F04EE55F976F}.Release|Any CPU.ActiveCfg = Release|Any CPU
		{5E1234AE-4126-4FB7-8DAE-F04EE55F976F}.Release|Any CPU.Build.0 = Release|Any CPU
		{5360B231-1C3E-4DE0-BBEF-87D9665BAEAD}.Debug|Any CPU.ActiveCfg = Debug|Any CPU
		{5360B231-1C3E-4DE0-BBEF-87D9665BAEAD}.Debug|Any CPU.Build.0 = Debug|Any CPU
		{5360B231-1C3E-4DE0-BBEF-87D9665BAEAD}.Release|Any CPU.ActiveCfg = Release|Any CPU
		{5360B231-1C3E-4DE0-BBEF-87D9665BAEAD}.Release|Any CPU.Build.0 = Release|Any CPU
	EndGlobalSection
	GlobalSection(SolutionProperties) = preSolution
		HideSolutionNode = FALSE
	EndGlobalSection
	GlobalSection(ExtensibilityGlobals) = postSolution
		SolutionGuid = {A34A1923-1E5C-4BF3-B085-597787A513AF}
	EndGlobalSection
EndGlobal
