
Microsoft Visual Studio Solution File, Format Version 12.00
# Visual Studio Version 17
VisualStudioVersion = 17.2.32505.173
MinimumVisualStudioVersion = 10.0.40219.1
Project("{FAE04EC0-301F-11D3-BF4B-00C04F79EFBC}") = "NoNicotineAPI", "NoNicotineAPI\NoNicotineAPI.csproj", "{5AA7581E-94A2-41F2-9FEF-6DBD8FB0BC12}"
EndProject
Global
	GlobalSection(SolutionConfigurationPlatforms) = preSolution
		Debug|Any CPU = Debug|Any CPU
		Release|Any CPU = Release|Any CPU
	EndGlobalSection
	GlobalSection(ProjectConfigurationPlatforms) = postSolution
		{5AA7581E-94A2-41F2-9FEF-6DBD8FB0BC12}.Debug|Any CPU.ActiveCfg = Debug|Any CPU
		{5AA7581E-94A2-41F2-9FEF-6DBD8FB0BC12}.Debug|Any CPU.Build.0 = Debug|Any CPU
		{5AA7581E-94A2-41F2-9FEF-6DBD8FB0BC12}.Release|Any CPU.ActiveCfg = Release|Any CPU
		{5AA7581E-94A2-41F2-9FEF-6DBD8FB0BC12}.Release|Any CPU.Build.0 = Release|Any CPU
	EndGlobalSection
	GlobalSection(SolutionProperties) = preSolution
		HideSolutionNode = FALSE
	EndGlobalSection
	GlobalSection(ExtensibilityGlobals) = postSolution
		SolutionGuid = {A34A1923-1E5C-4BF3-B085-597787A513AF}
	EndGlobalSection
EndGlobal
